
Microsoft Visual Studio Solution File, Format Version 12.00
# Visual Studio Version 17
VisualStudioVersion = 17.1.32210.238
MinimumVisualStudioVersion = 10.0.40219.1
Project("{8BC9CEB8-8B4A-11D0-8D11-00A0C91BC942}") = "PTA - 54", "PTA - 54\PTA - 54.vcxproj", "{77B30520-82D4-4801-A3D3-8BE98E1E44FE}"
EndProject
Global
	GlobalSection(SolutionConfigurationPlatforms) = preSolution
		Debug|x64 = Debug|x64
		Debug|x86 = Debug|x86
		Release|x64 = Release|x64
		Release|x86 = Release|x86
	EndGlobalSection
	GlobalSection(ProjectConfigurationPlatforms) = postSolution
		{77B30520-82D4-4801-A3D3-8BE98E1E44FE}.Debug|x64.ActiveCfg = Debug|x64
		{77B30520-82D4-4801-A3D3-8BE98E1E44FE}.Debug|x64.Build.0 = Debug|x64
		{77B30520-82D4-4801-A3D3-8BE98E1E44FE}.Debug|x86.ActiveCfg = Debug|Win32
		{77B30520-82D4-4801-A3D3-8BE98E1E44FE}.Debug|x86.Build.0 = Debug|Win32
		{77B30520-82D4-4801-A3D3-8BE98E1E44FE}.Release|x64.ActiveCfg = Release|x64
		{77B30520-82D4-4801-A3D3-8BE98E1E44FE}.Release|x64.Build.0 = Release|x64
		{77B30520-82D4-4801-A3D3-8BE98E1E44FE}.Release|x86.ActiveCfg = Release|Win32
		{77B30520-82D4-4801-A3D3-8BE98E1E44FE}.Release|x86.Build.0 = Release|Win32
	EndGlobalSection
	GlobalSection(SolutionProperties) = preSolution
		HideSolutionNode = FALSE
	EndGlobalSection
	GlobalSection(ExtensibilityGlobals) = postSolution
		SolutionGuid = {83B29277-0588-4EE4-B0C4-88D16DFA0898}
	EndGlobalSection
EndGlobal
