
Microsoft Visual Studio Solution File, Format Version 12.00
# Visual Studio Version 17
VisualStudioVersion = 17.1.32210.238
MinimumVisualStudioVersion = 10.0.40219.1
Project("{8BC9CEB8-8B4A-11D0-8D11-00A0C91BC942}") = "17-100", "17-100\17-100.vcxproj", "{77D71962-0B4E-42F5-860D-C610B157C03A}"
EndProject
Global
	GlobalSection(SolutionConfigurationPlatforms) = preSolution
		Debug|x64 = Debug|x64
		Debug|x86 = Debug|x86
		Release|x64 = Release|x64
		Release|x86 = Release|x86
	EndGlobalSection
	GlobalSection(ProjectConfigurationPlatforms) = postSolution
		{77D71962-0B4E-42F5-860D-C610B157C03A}.Debug|x64.ActiveCfg = Debug|x64
		{77D71962-0B4E-42F5-860D-C610B157C03A}.Debug|x64.Build.0 = Debug|x64
		{77D71962-0B4E-42F5-860D-C610B157C03A}.Debug|x86.ActiveCfg = Debug|Win32
		{77D71962-0B4E-42F5-860D-C610B157C03A}.Debug|x86.Build.0 = Debug|Win32
		{77D71962-0B4E-42F5-860D-C610B157C03A}.Release|x64.ActiveCfg = Release|x64
		{77D71962-0B4E-42F5-860D-C610B157C03A}.Release|x64.Build.0 = Release|x64
		{77D71962-0B4E-42F5-860D-C610B157C03A}.Release|x86.ActiveCfg = Release|Win32
		{77D71962-0B4E-42F5-860D-C610B157C03A}.Release|x86.Build.0 = Release|Win32
	EndGlobalSection
	GlobalSection(SolutionProperties) = preSolution
		HideSolutionNode = FALSE
	EndGlobalSection
	GlobalSection(ExtensibilityGlobals) = postSolution
		SolutionGuid = {268348CD-97E8-4AD9-B53E-615D37C2C833}
	EndGlobalSection
EndGlobal
