
Microsoft Visual Studio Solution File, Format Version 12.00
# Visual Studio Version 17
VisualStudioVersion = 17.1.32210.238
MinimumVisualStudioVersion = 10.0.40219.1
Project("{8BC9CEB8-8B4A-11D0-8D11-00A0C91BC942}") = "Project8", "Project8\Project8.vcxproj", "{BB46DCF1-8AD8-4798-8EAE-150C0CB5085B}"
EndProject
Global
	GlobalSection(SolutionConfigurationPlatforms) = preSolution
		Debug|x64 = Debug|x64
		Debug|x86 = Debug|x86
		Release|x64 = Release|x64
		Release|x86 = Release|x86
	EndGlobalSection
	GlobalSection(ProjectConfigurationPlatforms) = postSolution
		{BB46DCF1-8AD8-4798-8EAE-150C0CB5085B}.Debug|x64.ActiveCfg = Debug|x64
		{BB46DCF1-8AD8-4798-8EAE-150C0CB5085B}.Debug|x64.Build.0 = Debug|x64
		{BB46DCF1-8AD8-4798-8EAE-150C0CB5085B}.Debug|x86.ActiveCfg = Debug|Win32
		{BB46DCF1-8AD8-4798-8EAE-150C0CB5085B}.Debug|x86.Build.0 = Debug|Win32
		{BB46DCF1-8AD8-4798-8EAE-150C0CB5085B}.Release|x64.ActiveCfg = Release|x64
		{BB46DCF1-8AD8-4798-8EAE-150C0CB5085B}.Release|x64.Build.0 = Release|x64
		{BB46DCF1-8AD8-4798-8EAE-150C0CB5085B}.Release|x86.ActiveCfg = Release|Win32
		{BB46DCF1-8AD8-4798-8EAE-150C0CB5085B}.Release|x86.Build.0 = Release|Win32
	EndGlobalSection
	GlobalSection(SolutionProperties) = preSolution
		HideSolutionNode = FALSE
	EndGlobalSection
	GlobalSection(ExtensibilityGlobals) = postSolution
		SolutionGuid = {9039728D-FB7F-4992-B363-9410A4193636}
	EndGlobalSection
EndGlobal
