
Microsoft Visual Studio Solution File, Format Version 12.00
# Visual Studio Version 17
VisualStudioVersion = 17.1.32210.238
MinimumVisualStudioVersion = 10.0.40219.1
Project("{8BC9CEB8-8B4A-11D0-8D11-00A0C91BC942}") = "3-100", "3-100\3-100.vcxproj", "{B19BB454-C4E8-4207-9384-73E4221FBE85}"
EndProject
Global
	GlobalSection(SolutionConfigurationPlatforms) = preSolution
		Debug|x64 = Debug|x64
		Debug|x86 = Debug|x86
		Release|x64 = Release|x64
		Release|x86 = Release|x86
	EndGlobalSection
	GlobalSection(ProjectConfigurationPlatforms) = postSolution
		{B19BB454-C4E8-4207-9384-73E4221FBE85}.Debug|x64.ActiveCfg = Debug|x64
		{B19BB454-C4E8-4207-9384-73E4221FBE85}.Debug|x64.Build.0 = Debug|x64
		{B19BB454-C4E8-4207-9384-73E4221FBE85}.Debug|x86.ActiveCfg = Debug|Win32
		{B19BB454-C4E8-4207-9384-73E4221FBE85}.Debug|x86.Build.0 = Debug|Win32
		{B19BB454-C4E8-4207-9384-73E4221FBE85}.Release|x64.ActiveCfg = Release|x64
		{B19BB454-C4E8-4207-9384-73E4221FBE85}.Release|x64.Build.0 = Release|x64
		{B19BB454-C4E8-4207-9384-73E4221FBE85}.Release|x86.ActiveCfg = Release|Win32
		{B19BB454-C4E8-4207-9384-73E4221FBE85}.Release|x86.Build.0 = Release|Win32
	EndGlobalSection
	GlobalSection(SolutionProperties) = preSolution
		HideSolutionNode = FALSE
	EndGlobalSection
	GlobalSection(ExtensibilityGlobals) = postSolution
		SolutionGuid = {391B2FDB-3925-495B-99B7-D7B018C8C245}
	EndGlobalSection
EndGlobal
